dependencies:
- name: crds
  repository: ""
  version: 0.0.0
- name: kube-state-metrics
  repository: https://prometheus-community.github.io/helm-charts
  version: 5.37.0
- name: prometheus-node-exporter
  repository: https://prometheus-community.github.io/helm-charts
  version: 4.47.0
- name: grafana
  repository: https://grafana.github.io/helm-charts
  version: 9.2.3
- name: prometheus-windows-exporter
  repository: https://prometheus-community.github.io/helm-charts
  version: 0.10.2
digest: sha256:c0a8228c200050a7f160ec2c783a9b2d59677cc51a42b69f7c9afd47ca7df71b
generated: "2025-06-14T19:23:21.28340497Z"
